d that you want me to convert the file at the path `dart_ecom_7f3a9b2c/ios/Runner.xcodeproj/project.pbxproj`. However, this file is an Xcode project configuration file, which is specific to iOS development and doesn't have a direct equivalent in other programming languages. It's not typically converted to another language as it's part of the iOS build system.

The `project.pbxproj` file contains project-specific settings, build configurations, and file references for an iOS project. It's used by Xcode to manage the project structure and build process.

Since this file is essential for iOS development and doesn't have a direct counterpart in other platforms or languages, the best approach is to keep it as is for iOS-specific configurations. If you're developing a cross-platform application, you would typically have separate project configuration files for each platform (iOS, Android, etc.) rather than converting this file.

If you need to set up a similar project structure for another platform, you would use that platform's specific project configuration files and build system.